
Microsoft Visual Studio Solution File, Format Version 12.00
# Visual Studio Version 17
VisualStudioVersion = 17.11.35312.102
MinimumVisualStudioVersion = 10.0.40219.1
Project("{FAE04EC0-301F-11D3-BF4B-00C04F79EFBC}") = "QR", "QR.csproj", "{2D5F30DF-B137-4E34-AB0E-90D06D03EBA2}"
EndProject
Global
	GlobalSection(SolutionConfigurationPlatforms) = preSolution
		Debug|Any CPU = Debug|Any CPU
		Release|Any CPU = Release|Any CPU
	EndGlobalSection
	GlobalSection(ProjectConfigurationPlatforms) = postSolution
		{2D5F30DF-B137-4E34-AB0E-90D06D03EBA2}.Debug|Any CPU.ActiveCfg = Debug|Any CPU
		{2D5F30DF-B137-4E34-AB0E-90D06D03EBA2}.Debug|Any CPU.Build.0 = Debug|Any CPU
		{2D5F30DF-B137-4E34-AB0E-90D06D03EBA2}.Release|Any CPU.ActiveCfg = Release|Any CPU
		{2D5F30DF-B137-4E34-AB0E-90D06D03EBA2}.Release|Any CPU.Build.0 = Release|Any CPU
	EndGlobalSection
	GlobalSection(SolutionProperties) = preSolution
		HideSolutionNode = FALSE
	EndGlobalSection
	GlobalSection(ExtensibilityGlobals) = postSolution
		SolutionGuid = {1EDC8A4B-93EB-4205-96BE-D9ACA077650E}
	EndGlobalSection
EndGlobal
